// !$*UTF8*$!
{
	archiveVersion = 1;
	classes = {
	};
	objectVersion = 50;
	objects = {

/* Begin PBXBuildFile section */
		E7B1A7FD2656445200478C9C /* AppDelegate.swift in Sources */ = {isa = PBXBuildFile; fileRef = E7B1A7FC2656445200478C9C /* AppDelegate.swift */; };
		E7B1A7FF2656445200478C9C /* SceneDelegate.swift in Sources */ = {isa = PBXBuildFile; fileRef = E7B1A7FE2656445200478C9C /* SceneDelegate.swift */; };
		E7B1A8042656445200478C9C /* Main.storyboard in Resources */ = {isa = PBXBuildFile; fileRef = E7B1A8022656445200478C9C /* Main.storyboard */; };
		E7B1A8062656445600478C9C /* Assets.xcassets in Resources */ = {isa = PBXBuildFile; fileRef = E7B1A8052656445600478C9C /* Assets.xcassets */; };
		E7B1A8092656445600478C9C /* LaunchScreen.storyboard in Resources */ = {isa = PBXBuildFile; fileRef = E7B1A8072656445600478C9C /* LaunchScreen.storyboard */; };
		E7B1A8162656456A00478C9C /* landmarks.json in Resources */ = {isa = PBXBuildFile; fileRef = E7B1A8152656456A00478C9C /* landmarks.json */; };
		E7B1A8182656457900478C9C /* profile.json in Resources */ = {isa = PBXBuildFile; fileRef = E7B1A8172656457900478C9C /* profile.json */; };
		E7B1A81A2656459900478C9C /* ModelData.swift in Sources */ = {isa = PBXBuildFile; fileRef = E7B1A8192656459900478C9C /* ModelData.swift */; };
		E7B1A81C265645CA00478C9C /* Landmark.swift in Sources */ = {isa = PBXBuildFile; fileRef = E7B1A81B265645CA00478C9C /* Landmark.swift */; };
		E7B1A8202656481200478C9C /* Profile.swift in Sources */ = {isa = PBXBuildFile; fileRef = E7B1A81F2656481200478C9C /* Profile.swift */; };
		E7B1A822265648DC00478C9C /* HomeViewController.swift in Sources */ = {isa = PBXBuildFile; fileRef = E7B1A821265648DC00478C9C /* HomeViewController.swift */; };
		E7B1A8242656494C00478C9C /* ProfileViewController.swift in Sources */ = {isa = PBXBuildFile; fileRef = E7B1A8232656494C00478C9C /* ProfileViewController.swift */; };
		E7B1A82926564E8900478C9C /* LandmarkTableViewCell.swift in Sources */ = {isa = PBXBuildFile; fileRef = E7B1A82726564E8900478C9C /* LandmarkTableViewCell.swift */; };
		E7B1A82A26564E8900478C9C /* LandmarkTableViewCell.xib in Resources */ = {isa = PBXBuildFile; fileRef = E7B1A82826564E8900478C9C /* LandmarkTableViewCell.xib */; };
		E7B1A831265657C100478C9C /* DetailViewController.swift in Sources */ = {isa = PBXBuildFile; fileRef = E7B1A82F265657C100478C9C /* DetailViewController.swift */; };
		E7B1A832265657C100478C9C /* DetailViewController.xib in Resources */ = {isa = PBXBuildFile; fileRef = E7B1A830265657C100478C9C /* DetailViewController.xib */; };
		E7B1A83926568CC300478C9C /* ImagePreviewViewController.swift in Sources */ = {isa = PBXBuildFile; fileRef = E7B1A83726568CC300478C9C /* ImagePreviewViewController.swift */; };
		E7B1A83A26568CC300478C9C /* ImagePreviewViewController.xib in Resources */ = {isa = PBXBuildFile; fileRef = E7B1A83826568CC300478C9C /* ImagePreviewViewController.xib */; };
/* End PBXBuildFile section */

/* Begin PBXFileReference section */
		E7B1A7F92656445200478C9C /* Landmark.app */ = {isa = PBXFileReference; explicitFileType = wrapper.application; includeInIndex = 0; path = Landmark.app; sourceTree = BUILT_PRODUCTS_DIR; };
		E7B1A7FC2656445200478C9C /* AppDelegate.swift */ = {isa = PBXFileReference; lastKnownFileType = sourcecode.swift; path = AppDelegate.swift; sourceTree = "<group>"; };
		E7B1A7FE2656445200478C9C /* SceneDelegate.swift */ = {isa = PBXFileReference; lastKnownFileType = sourcecode.swift; path = SceneDelegate.swift; sourceTree = "<group>"; };
		E7B1A8032656445200478C9C /* Base */ = {isa = PBXFileReference; lastKnownFileType = file.storyboard; name = Base; path = Base.lproj/Main.storyboard; sourceTree = "<group>"; };
		E7B1A8052656445600478C9C /* Assets.xcassets */ = {isa = PBXFileReference; lastKnownFileType = folder.assetcatalog; path = Assets.xcassets; sourceTree = "<group>"; };
		E7B1A8082656445600478C9C /* Base */ = {isa = PBXFileReference; lastKnownFileType = file.storyboard; name = Base; path = Base.lproj/LaunchScreen.storyboard; sourceTree = "<group>"; };
		E7B1A80A2656445600478C9C /* Info.plist */ = {isa = PBXFileReference; lastKnownFileType = text.plist.xml; path = Info.plist; sourceTree = "<group>"; };
		E7B1A8152656456A00478C9C /* landmarks.json */ = {isa = PBXFileReference; lastKnownFileType = text.json; path = landmarks.json; sourceTree = "<group>"; };
		E7B1A8172656457900478C9C /* profile.json */ = {isa = PBXFileReference; lastKnownFileType = text.json; path = profile.json; sourceTree = "<group>"; };
		E7B1A8192656459900478C9C /* ModelData.swift */ = {isa = PBXFileReference; lastKnownFileType = sourcecode.swift; path = ModelData.swift; sourceTree = "<group>"; };
		E7B1A81B265645CA00478C9C /* Landmark.swift */ = {isa = PBXFileReference; lastKnownFileType = sourcecode.swift; path = Landmark.swift; sourceTree = "<group>"; };
		E7B1A81F2656481200478C9C /* Profile.swift */ = {isa = PBXFileReference; lastKnownFileType = sourcecode.swift; path = Profile.swift; sourceTree = "<group>"; };
		E7B1A821265648DC00478C9C /* HomeViewController.swift */ = {isa = PBXFileReference; lastKnownFileType = sourcecode.swift; path = HomeViewController.swift; sourceTree = "<group>"; };
		E7B1A8232656494C00478C9C /* ProfileViewController.swift */ = {isa = PBXFileReference; lastKnownFileType = sourcecode.swift; path = ProfileViewController.swift; sourceTree = "<group>"; };
		E7B1A82726564E8900478C9C /* LandmarkTableViewCell.swift */ = {isa = PBXFileReference; lastKnownFileType = sourcecode.swift; path = LandmarkTableViewCell.swift; sourceTree = "<group>"; };
		E7B1A82826564E8900478C9C /* LandmarkTableViewCell.xib */ = {isa = PBXFileReference; lastKnownFileType = file.xib; path = LandmarkTableViewCell.xib; sourceTree = "<group>"; };
		E7B1A82F265657C100478C9C /* DetailViewController.swift */ = {isa = PBXFileReference; lastKnownFileType = sourcecode.swift; path = DetailViewController.swift; sourceTree = "<group>"; };
		E7B1A830265657C100478C9C /* DetailViewController.xib */ = {isa = PBXFileReference; lastKnownFileType = file.xib; name = DetailViewController.xib; path = ../Controller/DetailViewController.xib; sourceTree = "<group>"; };
		E7B1A83726568CC300478C9C /* ImagePreviewViewController.swift */ = {isa = PBXFileReference; lastKnownFileType = sourcecode.swift; path = ImagePreviewViewController.swift; sourceTree = "<group>"; };
		E7B1A83826568CC300478C9C /* ImagePreviewViewController.xib */ = {isa = PBXFileReference; lastKnownFileType = file.xib; path = ImagePreviewViewController.xib; sourceTree = "<group>"; };
/* End PBXFileReference section */

/* Begin PBXFrameworksBuildPhase section */
		E7B1A7F62656445200478C9C /* Frameworks */ = {
			isa = PBXFrameworksBuildPhase;
			buildActionMask = 2147483647;
			files = (
			);
			runOnlyForDeploymentPostprocessing = 0;
		};
/* End PBXFrameworksBuildPhase section */

/* Begin PBXGroup section */
		E7B1A7F02656445200478C9C = {
			isa = PBXGroup;
			children = (
				E7B1A7FB2656445200478C9C /* Landmark */,
				E7B1A7FA2656445200478C9C /* Products */,
			);
			sourceTree = "<group>";
			usesTabs = 0;
		};
		E7B1A7FA2656445200478C9C /* Products */ = {
			isa = PBXGroup;
			children = (
				E7B1A7F92656445200478C9C /* Landmark.app */,
			);
			name = Products;
			sourceTree = "<group>";
		};
		E7B1A7FB2656445200478C9C /* Landmark */ = {
			isa = PBXGroup;
			children = (
				E7B1A814265644CC00478C9C /* Base */,
				E7B1A813265644C400478C9C /* Resources */,
				E7B1A812265644BE00478C9C /* Model */,
				E7B1A811265644B800478C9C /* Controller */,
				E7B1A810265644B000478C9C /* View */,
				E7B1A8052656445600478C9C /* Assets.xcassets */,
				E7B1A80A2656445600478C9C /* Info.plist */,
			);
			path = Landmark;
			sourceTree = "<group>";
		};
		E7B1A810265644B000478C9C /* View */ = {
			isa = PBXGroup;
			children = (
				E7B1A8022656445200478C9C /* Main.storyboard */,
				E7B1A8072656445600478C9C /* LaunchScreen.storyboard */,
				E7B1A82826564E8900478C9C /* LandmarkTableViewCell.xib */,
				E7B1A830265657C100478C9C /* DetailViewController.xib */,
				E7B1A83826568CC300478C9C /* ImagePreviewViewController.xib */,
			);
			path = View;
			sourceTree = "<group>";
		};
		E7B1A811265644B800478C9C /* Controller */ = {
			isa = PBXGroup;
			children = (
				E7B1A821265648DC00478C9C /* HomeViewController.swift */,
				E7B1A8232656494C00478C9C /* ProfileViewController.swift */,
				E7B1A82726564E8900478C9C /* LandmarkTableViewCell.swift */,
				E7B1A82F265657C100478C9C /* DetailViewController.swift */,
				E7B1A83726568CC300478C9C /* ImagePreviewViewController.swift */,
			);
			path = Controller;
			sourceTree = "<group>";
		};
		E7B1A812265644BE00478C9C /* Model */ = {
			isa = PBXGroup;
			children = (
				E7B1A8192656459900478C9C /* ModelData.swift */,
				E7B1A81B265645CA00478C9C /* Landmark.swift */,
				E7B1A81F2656481200478C9C /* Profile.swift */,
			);
			path = Model;
			sourceTree = "<group>";
		};
		E7B1A813265644C400478C9C /* Resources */ = {
			isa = PBXGroup;
			children = (
				E7B1A8152656456A00478C9C /* landmarks.json */,
				E7B1A8172656457900478C9C /* profile.json */,
			);
			path = Resources;
			sourceTree = "<group>";
		};
		E7B1A814265644CC00478C9C /* Base */ = {
			isa = PBXGroup;
			children = (
				E7B1A7FC2656445200478C9C /* AppDelegate.swift */,
				E7B1A7FE2656445200478C9C /* SceneDelegate.swift */,
			);
			path = Base;
			sourceTree = "<group>";
		};
/* End PBXGroup section */

/* Begin PBXNativeTarget section */
		E7B1A7F82656445200478C9C /* Landmark */ = {
			isa = PBXNativeTarget;
			buildConfigurationList = E7B1A80D2656445600478C9C /* Build configuration list for PBXNativeTarget "Landmark" */;
			buildPhases = (
				E7B1A7F52656445200478C9C /* Sources */,
				E7B1A7F62656445200478C9C /* Frameworks */,
				E7B1A7F72656445200478C9C /* Resources */,
			);
			buildRules = (
			);
			dependencies = (
			);
			name = Landmark;
			productName = Landmark;
			productReference = E7B1A7F92656445200478C9C /* Landmark.app */;
			productType = "com.apple.product-type.application";
		};
/* End PBXNativeTarget section */

/* Begin PBXProject section */
		E7B1A7F12656445200478C9C /* Project object */ = {
			isa = PBXProject;
			attributes = {
				LastSwiftUpdateCheck = 1250;
				LastUpgradeCheck = 1250;
				TargetAttributes = {
					E7B1A7F82656445200478C9C = {
						CreatedOnToolsVersion = 12.5;
					};
				};
			};
			buildConfigurationList = E7B1A7F42656445200478C9C /* Build configuration list for PBXProject "Landmark" */;
			compatibilityVersion = "Xcode 9.3";
			developmentRegion = en;
			hasScannedForEncodings = 0;
			knownRegions = (
				en,
				Base,
			);
			mainGroup = E7B1A7F02656445200478C9C;
			productRefGroup = E7B1A7FA2656445200478C9C /* Products */;
			projectDirPath = "";
			projectRoot = "";
			targets = (
				E7B1A7F82656445200478C9C /* Landmark */,
			);
		};
/* End PBXProject section */

/* Begin PBXResourcesBuildPhase section */
		E7B1A7F72656445200478C9C /* Resources */ = {
			isa = PBXResourcesBuildPhase;
			buildActionMask = 2147483647;
			files = (
				E7B1A8182656457900478C9C /* profile.json in Resources */,
				E7B1A8092656445600478C9C /* LaunchScreen.storyboard in Resources */,
				E7B1A832265657C100478C9C /* DetailViewController.xib in Resources */,
				E7B1A83A26568CC300478C9C /* ImagePreviewViewController.xib in Resources */,
				E7B1A8062656445600478C9C /* Assets.xcassets in Resources */,
				E7B1A82A26564E8900478C9C /* LandmarkTableViewCell.xib in Resources */,
				E7B1A8042656445200478C9C /* Main.storyboard in Resources */,
				E7B1A8162656456A00478C9C /* landmarks.json in Resources */,
			);
			runOnlyForDeploymentPostprocessing = 0;
		};
/* End PBXResourcesBuildPhase section */

/* Begin PBXSourcesBuildPhase section */
		E7B1A7F52656445200478C9C /* Sources */ = {
			isa = PBXSourcesBuildPhase;
			buildActionMask = 2147483647;
			files = (
				E7B1A831265657C100478C9C /* DetailViewController.swift in Sources */,
				E7B1A8202656481200478C9C /* Profile.swift in Sources */,
				E7B1A82926564E8900478C9C /* LandmarkTableViewCell.swift in Sources */,
				E7B1A81A2656459900478C9C /* ModelData.swift in Sources */,
				E7B1A83926568CC300478C9C /* ImagePreviewViewController.swift in Sources */,
				E7B1A7FD2656445200478C9C /* AppDelegate.swift in Sources */,
				E7B1A7FF2656445200478C9C /* SceneDelegate.swift in Sources */,
				E7B1A822265648DC00478C9C /* HomeViewController.swift in Sources */,
				E7B1A8242656494C00478C9C /* ProfileViewController.swift in Sources */,
				E7B1A81C265645CA00478C9C /* Landmark.swift in Sources */,
			);
			runOnlyForDeploymentPostprocessing = 0;
		};
/* End PBXSourcesBuildPhase section */

/* Begin PBXVariantGroup section */
		E7B1A8022656445200478C9C /* Main.storyboard */ = {
			isa = PBXVariantGroup;
			children = (
				E7B1A8032656445200478C9C /* Base */,
			);
			name = Main.storyboard;
			sourceTree = "<group>";
		};
		E7B1A8072656445600478C9C /* LaunchScreen.storyboard */ = {
			isa = PBXVariantGroup;
			children = (
				E7B1A8082656445600478C9C /* Base */,
			);
			name = LaunchScreen.storyboard;
			sourceTree = "<group>";
		};
/* End PBXVariantGroup section */

/* Begin XCBuildConfiguration section */
		E7B1A80B2656445600478C9C /* Debug */ = {
			isa = XCBuildConfiguration;
			buildSettings = {
				ALWAYS_SEARCH_USER_PATHS = NO;
				CLANG_ANALYZER_NONNULL = YES;
				CLANG_ANALYZER_NUMBER_OBJECT_CONVERSION = YES_AGGRESSIVE;
				CLANG_CXX_LANGUAGE_STANDARD = "gnu++14";
				CLANG_CXX_LIBRARY = "libc++";
				CLANG_ENABLE_MODULES = YES;
				CLANG_ENABLE_OBJC_ARC = YES;
				CLANG_ENABLE_OBJC_WEAK = YES;
				CLANG_WARN_BLOCK_CAPTURE_AUTORELEASING = YES;
				CLANG_WARN_BOOL_CONVERSION = YES;
				CLANG_WARN_COMMA = YES;
				CLANG_WARN_CONSTANT_CONVERSION = YES;
				CLANG_WARN_DEPRECATED_OBJC_IMPLEMENTATIONS = YES;
				CLANG_WARN_DIRECT_OBJC_ISA_USAGE = YES_ERROR;
				CLANG_WARN_DOCUMENTATION_COMMENTS = YES;
				CLANG_WARN_EMPTY_BODY = YES;
				CLANG_WARN_ENUM_CONVERSION = YES;
				CLANG_WARN_INFINITE_RECURSION = YES;
				CLANG_WARN_INT_CONVERSION = YES;
				CLANG_WARN_NON_LITERAL_NULL_CONVERSION = YES;
				CLANG_WARN_OBJC_IMPLICIT_RETAIN_SELF = YES;
				CLANG_WARN_OBJC_LITERAL_CONVERSION = YES;
				CLANG_WARN_OBJC_ROOT_CLASS = YES_ERROR;
				CLANG_WARN_QUOTED_INCLUDE_IN_FRAMEWORK_HEADER = YES;
				CLANG_WARN_RANGE_LOOP_ANALYSIS = YES;
				CLANG_WARN_STRICT_PROTOTYPES = YES;
				CLANG_WARN_SUSPICIOUS_MOVE = YES;
				CLANG_WARN_UNGUARDED_AVAILABILITY = YES_AGGRESSIVE;
				CLANG_WARN_UNREACHABLE_CODE = YES;
				CLANG_WARN__DUPLICATE_METHOD_MATCH = YES;
				COPY_PHASE_STRIP = NO;
				DEBUG_INFORMATION_FORMAT = dwarf;
				ENABLE_STRICT_OBJC_MSGSEND = YES;
				ENABLE_TESTABILITY = YES;
				GCC_C_LANGUAGE_STANDARD = gnu11;
				GCC_DYNAMIC_NO_PIC = NO;
				GCC_NO_COMMON_BLOCKS = YES;
				GCC_OPTIMIZATION_LEVEL = 0;
				GCC_PREPROCESSOR_DEFINITIONS = (
					"DEBUG=1",
					"$(inherited)",
				);
				GCC_WARN_64_TO_32_BIT_CONVERSION = YES;
				GCC_WARN_ABOUT_RETURN_TYPE = YES_ERROR;
				GCC_WARN_UNDECLARED_SELECTOR = YES;
				GCC_WARN_UNINITIALIZED_AUTOS = YES_AGGRESSIVE;
				GCC_WARN_UNUSED_FUNCTION = YES;
				GCC_WARN_UNUSED_VARIABLE = YES;
				IPHONEOS_DEPLOYMENT_TARGET = 13.0;
				MTL_ENABLE_DEBUG_INFO = INCLUDE_SOURCE;
				MTL_FAST_MATH = YES;
				ONLY_ACTIVE_ARCH = YES;
				SDKROOT = iphoneos;
				SWIFT_ACTIVE_COMPILATION_CONDITIONS = DEBUG;
				SWIFT_OPTIMIZATION_LEVEL = "-Onone";
			};
			name = Debug;
		};
		E7B1A80C2656445600478C9C /* Release */ = {
			isa = XCBuildConfiguration;
			buildSettings = {
				ALWAYS_SEARCH_USER_PATHS = NO;
				CLANG_ANALYZER_NONNULL = YES;
				CLANG_ANALYZER_NUMBER_OBJECT_CONVERSION = YES_AGGRESSIVE;
				CLANG_CXX_LANGUAGE_STANDARD = "gnu++14";
				CLANG_CXX_LIBRARY = "libc++";
				CLANG_ENABLE_MODULES = YES;
				CLANG_ENABLE_OBJC_ARC = YES;
				CLANG_ENABLE_OBJC_WEAK = YES;
				CLANG_WARN_BLOCK_CAPTURE_AUTORELEASING = YES;
				CLANG_WARN_BOOL_CONVERSION = YES;
				CLANG_WARN_COMMA = YES;
				CLANG_WARN_CONSTANT_CONVERSION = YES;
				CLANG_WARN_DEPRECATED_OBJC_IMPLEMENTATIONS = YES;
				CLANG_WARN_DIRECT_OBJC_ISA_USAGE = YES_ERROR;
				CLANG_WARN_DOCUMENTATION_COMMENTS = YES;
				CLANG_WARN_EMPTY_BODY = YES;
				CLANG_WARN_ENUM_CONVERSION = YES;
				CLANG_WARN_INFINITE_RECURSION = YES;
				CLANG_WARN_INT_CONVERSION = YES;
				CLANG_WARN_NON_LITERAL_NULL_CONVERSION = YES;
				CLANG_WARN_OBJC_IMPLICIT_RETAIN_SELF = YES;
				CLANG_WARN_OBJC_LITERAL_CONVERSION = YES;
				CLANG_WARN_OBJC_ROOT_CLASS = YES_ERROR;
				CLANG_WARN_QUOTED_INCLUDE_IN_FRAMEWORK_HEADER = YES;
				CLANG_WARN_RANGE_LOOP_ANALYSIS = YES;
				CLANG_WARN_STRICT_PROTOTYPES = YES;
				CLANG_WARN_SUSPICIOUS_MOVE = YES;
				CLANG_WARN_UNGUARDED_AVAILABILITY = YES_AGGRESSIVE;
				CLANG_WARN_UNREACHABLE_CODE = YES;
				CLANG_WARN__DUPLICATE_METHOD_MATCH = YES;
				COPY_PHASE_STRIP = NO;
				DEBUG_INFORMATION_FORMAT = "dwarf-with-dsym";
				ENABLE_NS_ASSERTIONS = NO;
				ENABLE_STRICT_OBJC_MSGSEND = YES;
				GCC_C_LANGUAGE_STANDARD = gnu11;
				GCC_NO_COMMON_BLOCKS = YES;
				GCC_WARN_64_TO_32_BIT_CONVERSION = YES;
				GCC_WARN_ABOUT_RETURN_TYPE = YES_ERROR;
				GCC_WARN_UNDECLARED_SELECTOR = YES;
				GCC_WARN_UNINITIALIZED_AUTOS = YES_AGGRESSIVE;
				GCC_WARN_UNUSED_FUNCTION = YES;
				GCC_WARN_UNUSED_VARIABLE = YES;
				IPHONEOS_DEPLOYMENT_TARGET = 13.0;
				MTL_ENABLE_DEBUG_INFO = NO;
				MTL_FAST_MATH = YES;
				SDKROOT = iphoneos;
				SWIFT_COMPILATION_MODE = wholemodule;
				SWIFT_OPTIMIZATION_LEVEL = "-O";
				VALIDATE_PRODUCT = YES;
			};
			name = Release;
		};
		E7B1A80E2656445600478C9C /* Debug */ = {
			isa = XCBuildConfiguration;
			buildSettings = {
				ASSETCATALOG_COMPILER_APPICON_NAME = AppIcon;
				ASSETCATALOG_COMPILER_GLOBAL_ACCENT_COLOR_NAME = AccentColor;
				CODE_SIGN_STYLE = Automatic;
				DEVELOPMENT_TEAM = 5F985R4M2Z;
				INFOPLIST_FILE = Landmark/Info.plist;
				LD_RUNPATH_SEARCH_PATHS = (
					"$(inherited)",
					"@executable_path/Frameworks",
				);
				PRODUCT_BUNDLE_IDENTIFIER = com.dicoding.academy.lf.Landmark;
				PRODUCT_NAME = "$(TARGET_NAME)";
				SWIFT_VERSION = 5.0;
				TARGETED_DEVICE_FAMILY = "1,2";
			};
			name = Debug;
		};
		E7B1A80F2656445600478C9C /* Release */ = {
			isa = XCBuildConfiguration;
			buildSettings = {
				ASSETCATALOG_COMPILER_APPICON_NAME = AppIcon;
				ASSETCATALOG_COMPILER_GLOBAL_ACCENT_COLOR_NAME = AccentColor;
				CODE_SIGN_STYLE = Automatic;
				DEVELOPMENT_TEAM = 5F985R4M2Z;
				INFOPLIST_FILE = Landmark/Info.plist;
				LD_RUNPATH_SEARCH_PATHS = (
					"$(inherited)",
					"@executable_path/Frameworks",
				);
				PRODUCT_BUNDLE_IDENTIFIER = com.dicoding.academy.lf.Landmark;
				PRODUCT_NAME = "$(TARGET_NAME)";
				SWIFT_VERSION = 5.0;
				TARGETED_DEVICE_FAMILY = "1,2";
			};
			name = Release;
		};
/* End XCBuildConfiguration section */

/* Begin XCConfigurationList section */
		E7B1A7F42656445200478C9C /* Build configuration list for PBXProject "Landmark" */ = {
			isa = XCConfigurationList;
			buildConfigurations = (
				E7B1A80B2656445600478C9C /* Debug */,
				E7B1A80C2656445600478C9C /* Release */,
			);
			defaultConfigurationIsVisible = 0;
			defaultConfigurationName = Debug;
		};
		E7B1A80D2656445600478C9C /* Build configuration list for PBXNativeTarget "Landmark" */ = {
			isa = XCConfigurationList;
			buildConfigurations = (
				E7B1A80E2656445600478C9C /* Debug */,
				E7B1A80F2656445600478C9C /* Release */,
			);
			defaultConfigurationIsVisible = 0;
			defaultConfigurationName = Debug;
		};
/* End XCConfigurationList section */
	};
	rootObject = E7B1A7F12656445200478C9C /* Project object */;
}
